# THIS IS AN AUTOGENERATED FILE. DO NOT EDIT THIS FILE DIRECTLY.
# yarn lockfile v1


"@ton/core@^0.56.3":
  version "0.56.3"
  resolved "https://registry.yarnpkg.com/@ton/core/-/core-0.56.3.tgz#1162764573abb76032eba70f8497e5cb2ea532ee"
  integrity sha512-HVkalfqw8zqLLPehtq0CNhu5KjVzc7IrbDwDHPjGoOSXmnqSobiWj8a5F+YuWnZnEbQKtrnMGNOOjVw4LG37rg==
  dependencies:
    symbol.inspect "1.0.1"

symbol.inspect@1.0.1:
  version "1.0.1"
  resolved "https://registry.yarnpkg.com/symbol.inspect/-/symbol.inspect-1.0.1.tgz#e13125b8038c4996eb0dfa1567332ad4dcd0763f"
  integrity sha512-YQSL4duoHmLhsTD1Pw8RW6TZ5MaTX5rXJnqacJottr2P2LZBF/Yvrc3ku4NUpMOm8aM0KOCqM+UAkMA5HWQCzQ==
